{
  "originHash" : "74ee2d794dbf01f0dfb4b222bb39eaa133088a6d196d46cf70036014970822bd",
  "pins" : [
    {
      "identity" : "iamjarl-design",
      "kind" : "remoteSourceControl",
      "location" : "https://github.com/JarlLyng/iamjarl-design.git",
      "state" : {
        "revision" : "041f48048d9f66b66909e41222503591bf15ef96",
        "version" : "0.1.4"
      }
    },
    {
      "identity" : "sentry-cocoa",
      "kind" : "remoteSourceControl",
      "location" : "https://github.com/getsentry/sentry-cocoa.git",
      "state" : {
        "revision" : "05d3ce8332097ff0b2347231ac66476fd7d2f4d8",
        "version" : "9.8.0"
      }
    }
  ],
  "version" : 3
}
